
Microsoft Visual Studio Solution File, Format Version 12.00
# Visual Studio 15
VisualStudioVersion = 15.0.28307.168
MinimumVisualStudioVersion = 10.0.40219.1
Project("{FAE04EC0-301F-11D3-BF4B-00C04F79EFBC}") = "App19.Android", "App19\App19.Android\App19.Android.csproj", "{2F094228-2FAF-4694-ADFF-36F55E92608B}"
EndProject
Project("{FAE04EC0-301F-11D3-BF4B-00C04F79EFBC}") = "App19", "App19\App19\App19.csproj", "{6F4EC60F-0310-4BA0-A05F-D0944397E667}"
EndProject
Global
	GlobalSection(SolutionConfigurationPlatforms) = preSolution
		Debug|Any CPU = Debug|Any CPU
		Release|Any CPU = Release|Any CPU
	EndGlobalSection
	GlobalSection(ProjectConfigurationPlatforms) = postSolution
		{2F094228-2FAF-4694-ADFF-36F55E92608B}.Debug|Any CPU.ActiveCfg = Debug|Any CPU
		{2F094228-2FAF-4694-ADFF-36F55E92608B}.Debug|Any CPU.Build.0 = Debug|Any CPU
		{2F094228-2FAF-4694-ADFF-36F55E92608B}.Debug|Any CPU.Deploy.0 = Debug|Any CPU
		{2F094228-2FAF-4694-ADFF-36F55E92608B}.Release|Any CPU.ActiveCfg = Release|Any CPU
		{2F094228-2FAF-4694-ADFF-36F55E92608B}.Release|Any CPU.Build.0 = Release|Any CPU
		{2F094228-2FAF-4694-ADFF-36F55E92608B}.Release|Any CPU.Deploy.0 = Release|Any CPU
		{6F4EC60F-0310-4BA0-A05F-D0944397E667}.Debug|Any CPU.ActiveCfg = Debug|Any CPU
		{6F4EC60F-0310-4BA0-A05F-D0944397E667}.Debug|Any CPU.Build.0 = Debug|Any CPU
		{6F4EC60F-0310-4BA0-A05F-D0944397E667}.Release|Any CPU.ActiveCfg = Release|Any CPU
		{6F4EC60F-0310-4BA0-A05F-D0944397E667}.Release|Any CPU.Build.0 = Release|Any CPU
	EndGlobalSection
	GlobalSection(SolutionProperties) = preSolution
		HideSolutionNode = FALSE
	EndGlobalSection
	GlobalSection(ExtensibilityGlobals) = postSolution
		SolutionGuid = {F91369D1-A6B8-4F7D-A7ED-BD27802BFD37}
	EndGlobalSection
EndGlobal
