
Microsoft Visual Studio Solution File, Format Version 12.00
# Visual Studio 15
VisualStudioVersion = 15.0.28307.168
MinimumVisualStudioVersion = 10.0.40219.1
Project("{FAE04EC0-301F-11D3-BF4B-00C04F79EFBC}") = "App26.Android", "App26\App26.Android\App26.Android.csproj", "{69838B44-2507-4B35-9699-1F579FC46C7B}"
EndProject
Project("{FAE04EC0-301F-11D3-BF4B-00C04F79EFBC}") = "App26", "App26\App26\App26.csproj", "{845B8620-6830-4A4E-B5A9-ABDE8BDB2ECB}"
EndProject
Global
	GlobalSection(SolutionConfigurationPlatforms) = preSolution
		Debug|Any CPU = Debug|Any CPU
		Release|Any CPU = Release|Any CPU
	EndGlobalSection
	GlobalSection(ProjectConfigurationPlatforms) = postSolution
		{69838B44-2507-4B35-9699-1F579FC46C7B}.Debug|Any CPU.ActiveCfg = Debug|Any CPU
		{69838B44-2507-4B35-9699-1F579FC46C7B}.Debug|Any CPU.Build.0 = Debug|Any CPU
		{69838B44-2507-4B35-9699-1F579FC46C7B}.Debug|Any CPU.Deploy.0 = Debug|Any CPU
		{69838B44-2507-4B35-9699-1F579FC46C7B}.Release|Any CPU.ActiveCfg = Release|Any CPU
		{69838B44-2507-4B35-9699-1F579FC46C7B}.Release|Any CPU.Build.0 = Release|Any CPU
		{69838B44-2507-4B35-9699-1F579FC46C7B}.Release|Any CPU.Deploy.0 = Release|Any CPU
		{845B8620-6830-4A4E-B5A9-ABDE8BDB2ECB}.Debug|Any CPU.ActiveCfg = Debug|Any CPU
		{845B8620-6830-4A4E-B5A9-ABDE8BDB2ECB}.Debug|Any CPU.Build.0 = Debug|Any CPU
		{845B8620-6830-4A4E-B5A9-ABDE8BDB2ECB}.Release|Any CPU.ActiveCfg = Release|Any CPU
		{845B8620-6830-4A4E-B5A9-ABDE8BDB2ECB}.Release|Any CPU.Build.0 = Release|Any CPU
	EndGlobalSection
	GlobalSection(SolutionProperties) = preSolution
		HideSolutionNode = FALSE
	EndGlobalSection
	GlobalSection(ExtensibilityGlobals) = postSolution
		SolutionGuid = {F91369D1-A6B8-4F7D-A7ED-BD27802BFD37}
	EndGlobalSection
EndGlobal
